// !$*UTF8*$!
{
	archiveVersion = 1;
	classes = {
	};
	objectVersion = 48;
	objects = {

/* Begin PBXBuildFile section */
		A41B156B20489D6200897461 /* Main.storyboard in Resources */ = {isa = PBXBuildFile; fileRef = A41B156920489D6200897461 /* Main.storyboard */; };
		A45AB75B20388D9B00656993 /* AppDelegate.swift in Sources */ = {isa = PBXBuildFile; fileRef = A45AB75A20388D9B00656993 /* AppDelegate.swift */; };
		A45AB75D20388D9B00656993 /* ViewController.swift in Sources */ = {isa = PBXBuildFile; fileRef = A45AB75C20388D9B00656993 /* ViewController.swift */; };
		A45AB76220388D9B00656993 /* Assets.xcassets in Resources */ = {isa = PBXBuildFile; fileRef = A45AB76120388D9B00656993 /* Assets.xcassets */; };
		A45AB76520388D9B00656993 /* LaunchScreen.storyboard in Resources */ = {isa = PBXBuildFile; fileRef = A45AB76320388D9B00656993 /* LaunchScreen.storyboard */; };
		A45AB77020388D9B00656993 /* Scout2019Tests.swift in Sources */ = {isa = PBXBuildFile; fileRef = A45AB76F20388D9B00656993 /* Scout2019Tests.swift */; };
		A45AB77B20388D9B00656993 /* Scout2019UITests.swift in Sources */ = {isa = PBXBuildFile; fileRef = A45AB77A20388D9B00656993 /* Scout2019UITests.swift */; };
		A45AB78F203890FE00656993 /* GMStepper.swift in Sources */ = {isa = PBXBuildFile; fileRef = A45AB78E203890FE00656993 /* GMStepper.swift */; };
		A45AB791203894D200656993 /* AppIcons in Resources */ = {isa = PBXBuildFile; fileRef = A45AB790203894D200656993 /* AppIcons */; };
/* End PBXBuildFile section */

/* Begin PBXContainerItemProxy section */
		A45AB76C20388D9B00656993 /* PBXContainerItemProxy */ = {
			isa = PBXContainerItemProxy;
			containerPortal = A45AB74F20388D9B00656993 /* Project object */;
			proxyType = 1;
			remoteGlobalIDString = A45AB75620388D9B00656993;
			remoteInfo = Scout2018;
		};
		A45AB77720388D9B00656993 /* PBXContainerItemProxy */ = {
			isa = PBXContainerItemProxy;
			containerPortal = A45AB74F20388D9B00656993 /* Project object */;
			proxyType = 1;
			remoteGlobalIDString = A45AB75620388D9B00656993;
			remoteInfo = Scout2018;
		};
/* End PBXContainerItemProxy section */

/* Begin PBXFileReference section */
		A41B156A20489D6200897461 /* Base */ = {isa = PBXFileReference; lastKnownFileType = file.storyboard; name = Base; path = Base.lproj/Main.storyboard; sourceTree = "<group>"; };
		A45AB75720388D9B00656993 /* Scout2019.app */ = {isa = PBXFileReference; explicitFileType = wrapper.application; includeInIndex = 0; path = Scout2019.app; sourceTree = BUILT_PRODUCTS_DIR; };
		A45AB75A20388D9B00656993 /* AppDelegate.swift */ = {isa = PBXFileReference; lastKnownFileType = sourcecode.swift; path = AppDelegate.swift; sourceTree = "<group>"; };
		A45AB75C20388D9B00656993 /* ViewController.swift */ = {isa = PBXFileReference; lastKnownFileType = sourcecode.swift; path = ViewController.swift; sourceTree = "<group>"; };
		A45AB76120388D9B00656993 /* Assets.xcassets */ = {isa = PBXFileReference; lastKnownFileType = folder.assetcatalog; path = Assets.xcassets; sourceTree = "<group>"; };
		A45AB76420388D9B00656993 /* Base */ = {isa = PBXFileReference; lastKnownFileType = file.storyboard; name = Base; path = Base.lproj/LaunchScreen.storyboard; sourceTree = "<group>"; };
		A45AB76620388D9B00656993 /* Info.plist */ = {isa = PBXFileReference; lastKnownFileType = text.plist.xml; path = Info.plist; sourceTree = "<group>"; };
		A45AB76B20388D9B00656993 /* Scout2019Tests.xctest */ = {isa = PBXFileReference; explicitFileType = wrapper.cfbundle; includeInIndex = 0; path = Scout2019Tests.xctest; sourceTree = BUILT_PRODUCTS_DIR; };
		A45AB76F20388D9B00656993 /* Scout2019Tests.swift */ = {isa = PBXFileReference; lastKnownFileType = sourcecode.swift; path = Scout2019Tests.swift; sourceTree = "<group>"; };
		A45AB77120388D9B00656993 /* Info.plist */ = {isa = PBXFileReference; lastKnownFileType = text.plist.xml; path = Info.plist; sourceTree = "<group>"; };
		A45AB77620388D9B00656993 /* Scout2019UITests.xctest */ = {isa = PBXFileReference; explicitFileType = wrapper.cfbundle; includeInIndex = 0; path = Scout2019UITests.xctest; sourceTree = BUILT_PRODUCTS_DIR; };
		A45AB77A20388D9B00656993 /* Scout2019UITests.swift */ = {isa = PBXFileReference; lastKnownFileType = sourcecode.swift; path = Scout2019UITests.swift; sourceTree = "<group>"; };
		A45AB77C20388D9B00656993 /* Info.plist */ = {isa = PBXFileReference; lastKnownFileType = text.plist.xml; path = Info.plist; sourceTree = "<group>"; };
		A45AB78E203890FE00656993 /* GMStepper.swift */ = {isa = PBXFileReference; fileEncoding = 4; lastKnownFileType = sourcecode.swift; name = GMStepper.swift; path = "GMStepper-master/GMStepper/GMStepper.swift"; sourceTree = SOURCE_ROOT; };
		A45AB790203894D200656993 /* AppIcons */ = {isa = PBXFileReference; lastKnownFileType = folder; path = AppIcons; sourceTree = "<group>"; };
/* End PBXFileReference section */

/* Begin PBXFrameworksBuildPhase section */
		A45AB75420388D9B00656993 /* Frameworks */ = {
			isa = PBXFrameworksBuildPhase;
			buildActionMask = 2147483647;
			files = (
			);
			runOnlyForDeploymentPostprocessing = 0;
		};
		A45AB76820388D9B00656993 /* Frameworks */ = {
			isa = PBXFrameworksBuildPhase;
			buildActionMask = 2147483647;
			files = (
			);
			runOnlyForDeploymentPostprocessing = 0;
		};
		A45AB77320388D9B00656993 /* Frameworks */ = {
			isa = PBXFrameworksBuildPhase;
			buildActionMask = 2147483647;
			files = (
			);
			runOnlyForDeploymentPostprocessing = 0;
		};
/* End PBXFrameworksBuildPhase section */

/* Begin PBXGroup section */
		A45AB74E20388D9B00656993 = {
			isa = PBXGroup;
			children = (
				A45AB75920388D9B00656993 /* Scout2019 */,
				A45AB76E20388D9B00656993 /* Scout2019Tests */,
				A45AB77920388D9B00656993 /* Scout2019UITests */,
				A45AB75820388D9B00656993 /* Products */,
			);
			sourceTree = "<group>";
		};
		A45AB75820388D9B00656993 /* Products */ = {
			isa = PBXGroup;
			children = (
				A45AB75720388D9B00656993 /* Scout2019.app */,
				A45AB76B20388D9B00656993 /* Scout2019Tests.xctest */,
				A45AB77620388D9B00656993 /* Scout2019UITests.xctest */,
			);
			name = Products;
			sourceTree = "<group>";
		};
		A45AB75920388D9B00656993 /* Scout2019 */ = {
			isa = PBXGroup;
			children = (
				A45AB75A20388D9B00656993 /* AppDelegate.swift */,
				A45AB78E203890FE00656993 /* GMStepper.swift */,
				A45AB75C20388D9B00656993 /* ViewController.swift */,
				A45AB76120388D9B00656993 /* Assets.xcassets */,
				A41B156920489D6200897461 /* Main.storyboard */,
				A45AB790203894D200656993 /* AppIcons */,
				A45AB76320388D9B00656993 /* LaunchScreen.storyboard */,
				A45AB76620388D9B00656993 /* Info.plist */,
			);
			path = Scout2019;
			sourceTree = "<group>";
		};
		A45AB76E20388D9B00656993 /* Scout2019Tests */ = {
			isa = PBXGroup;
			children = (
				A45AB76F20388D9B00656993 /* Scout2019Tests.swift */,
				A45AB77120388D9B00656993 /* Info.plist */,
			);
			path = Scout2019Tests;
			sourceTree = "<group>";
		};
		A45AB77920388D9B00656993 /* Scout2019UITests */ = {
			isa = PBXGroup;
			children = (
				A45AB77A20388D9B00656993 /* Scout2019UITests.swift */,
				A45AB77C20388D9B00656993 /* Info.plist */,
			);
			path = Scout2019UITests;
			sourceTree = "<group>";
		};
/* End PBXGroup section */

/* Begin PBXNativeTarget section */
		A45AB75620388D9B00656993 /* Scout2019 */ = {
			isa = PBXNativeTarget;
			buildConfigurationList = A45AB77F20388D9B00656993 /* Build configuration list for PBXNativeTarget "Scout2019" */;
			buildPhases = (
				A45AB75320388D9B00656993 /* Sources */,
				A45AB75420388D9B00656993 /* Frameworks */,
				A45AB75520388D9B00656993 /* Resources */,
			);
			buildRules = (
			);
			dependencies = (
			);
			name = Scout2019;
			productName = Scout2018;
			productReference = A45AB75720388D9B00656993 /* Scout2019.app */;
			productType = "com.apple.product-type.application";
		};
		A45AB76A20388D9B00656993 /* Scout2019Tests */ = {
			isa = PBXNativeTarget;
			buildConfigurationList = A45AB78220388D9B00656993 /* Build configuration list for PBXNativeTarget "Scout2019Tests" */;
			buildPhases = (
				A45AB76720388D9B00656993 /* Sources */,
				A45AB76820388D9B00656993 /* Frameworks */,
				A45AB76920388D9B00656993 /* Resources */,
			);
			buildRules = (
			);
			dependencies = (
				A45AB76D20388D9B00656993 /* PBXTargetDependency */,
			);
			name = Scout2019Tests;
			productName = Scout2018Tests;
			productReference = A45AB76B20388D9B00656993 /* Scout2019Tests.xctest */;
			productType = "com.apple.product-type.bundle.unit-test";
		};
		A45AB77520388D9B00656993 /* Scout2019UITests */ = {
			isa = PBXNativeTarget;
			buildConfigurationList = A45AB78520388D9B00656993 /* Build configuration list for PBXNativeTarget "Scout2019UITests" */;
			buildPhases = (
				A45AB77220388D9B00656993 /* Sources */,
				A45AB77320388D9B00656993 /* Frameworks */,
				A45AB77420388D9B00656993 /* Resources */,
			);
			buildRules = (
			);
			dependencies = (
				A45AB77820388D9B00656993 /* PBXTargetDependency */,
			);
			name = Scout2019UITests;
			productName = Scout2018UITests;
			productReference = A45AB77620388D9B00656993 /* Scout2019UITests.xctest */;
			productType = "com.apple.product-type.bundle.ui-testing";
		};
/* End PBXNativeTarget section */

/* Begin PBXProject section */
		A45AB74F20388D9B00656993 /* Project object */ = {
			isa = PBXProject;
			attributes = {
				LastSwiftUpdateCheck = 0920;
				LastUpgradeCheck = 0920;
				ORGANIZATIONNAME = "Luc Smith";
				TargetAttributes = {
					A45AB75620388D9B00656993 = {
						CreatedOnToolsVersion = 9.2;
						ProvisioningStyle = Automatic;
					};
					A45AB76A20388D9B00656993 = {
						CreatedOnToolsVersion = 9.2;
						ProvisioningStyle = Automatic;
						TestTargetID = A45AB75620388D9B00656993;
					};
					A45AB77520388D9B00656993 = {
						CreatedOnToolsVersion = 9.2;
						ProvisioningStyle = Automatic;
						TestTargetID = A45AB75620388D9B00656993;
					};
				};
			};
			buildConfigurationList = A45AB75220388D9B00656993 /* Build configuration list for PBXProject "Scout2019" */;
			compatibilityVersion = "Xcode 8.0";
			developmentRegion = en;
			hasScannedForEncodings = 0;
			knownRegions = (
				en,
				Base,
			);
			mainGroup = A45AB74E20388D9B00656993;
			productRefGroup = A45AB75820388D9B00656993 /* Products */;
			projectDirPath = "";
			projectRoot = "";
			targets = (
				A45AB75620388D9B00656993 /* Scout2019 */,
				A45AB76A20388D9B00656993 /* Scout2019Tests */,
				A45AB77520388D9B00656993 /* Scout2019UITests */,
			);
		};
/* End PBXProject section */

/* Begin PBXResourcesBuildPhase section */
		A45AB75520388D9B00656993 /* Resources */ = {
			isa = PBXResourcesBuildPhase;
			buildActionMask = 2147483647;
			files = (
				A45AB76520388D9B00656993 /* LaunchScreen.storyboard in Resources */,
				A45AB791203894D200656993 /* AppIcons in Resources */,
				A45AB76220388D9B00656993 /* Assets.xcassets in Resources */,
				A41B156B20489D6200897461 /* Main.storyboard in Resources */,
			);
			runOnlyForDeploymentPostprocessing = 0;
		};
		A45AB76920388D9B00656993 /* Resources */ = {
			isa = PBXResourcesBuildPhase;
			buildActionMask = 2147483647;
			files = (
			);
			runOnlyForDeploymentPostprocessing = 0;
		};
		A45AB77420388D9B00656993 /* Resources */ = {
			isa = PBXResourcesBuildPhase;
			buildActionMask = 2147483647;
			files = (
			);
			runOnlyForDeploymentPostprocessing = 0;
		};
/* End PBXResourcesBuildPhase section */

/* Begin PBXSourcesBuildPhase section */
		A45AB75320388D9B00656993 /* Sources */ = {
			isa = PBXSourcesBuildPhase;
			buildActionMask = 2147483647;
			files = (
				A45AB75D20388D9B00656993 /* ViewController.swift in Sources */,
				A45AB78F203890FE00656993 /* GMStepper.swift in Sources */,
				A45AB75B20388D9B00656993 /* AppDelegate.swift in Sources */,
			);
			runOnlyForDeploymentPostprocessing = 0;
		};
		A45AB76720388D9B00656993 /* Sources */ = {
			isa = PBXSourcesBuildPhase;
			buildActionMask = 2147483647;
			files = (
				A45AB77020388D9B00656993 /* Scout2019Tests.swift in Sources */,
			);
			runOnlyForDeploymentPostprocessing = 0;
		};
		A45AB77220388D9B00656993 /* Sources */ = {
			isa = PBXSourcesBuildPhase;
			buildActionMask = 2147483647;
			files = (
				A45AB77B20388D9B00656993 /* Scout2019UITests.swift in Sources */,
			);
			runOnlyForDeploymentPostprocessing = 0;
		};
/* End PBXSourcesBuildPhase section */

/* Begin PBXTargetDependency section */
		A45AB76D20388D9B00656993 /* PBXTargetDependency */ = {
			isa = PBXTargetDependency;
			target = A45AB75620388D9B00656993 /* Scout2019 */;
			targetProxy = A45AB76C20388D9B00656993 /* PBXContainerItemProxy */;
		};
		A45AB77820388D9B00656993 /* PBXTargetDependency */ = {
			isa = PBXTargetDependency;
			target = A45AB75620388D9B00656993 /* Scout2019 */;
			targetProxy = A45AB77720388D9B00656993 /* PBXContainerItemProxy */;
		};
/* End PBXTargetDependency section */

/* Begin PBXVariantGroup section */
		A41B156920489D6200897461 /* Main.storyboard */ = {
			isa = PBXVariantGroup;
			children = (
				A41B156A20489D6200897461 /* Base */,
			);
			name = Main.storyboard;
			sourceTree = "<group>";
		};
		A45AB76320388D9B00656993 /* LaunchScreen.storyboard */ = {
			isa = PBXVariantGroup;
			children = (
				A45AB76420388D9B00656993 /* Base */,
			);
			name = LaunchScreen.storyboard;
			sourceTree = "<group>";
		};
/* End PBXVariantGroup section */

/* Begin XCBuildConfiguration section */
		A45AB77D20388D9B00656993 /* Debug */ = {
			isa = XCBuildConfiguration;
			buildSettings = {
				ALWAYS_SEARCH_USER_PATHS = NO;
				CLANG_ANALYZER_NONNULL = YES;
				CLANG_ANALYZER_NUMBER_OBJECT_CONVERSION = YES_AGGRESSIVE;
				CLANG_CXX_LANGUAGE_STANDARD = "gnu++14";
				CLANG_CXX_LIBRARY = "libc++";
				CLANG_ENABLE_MODULES = YES;
				CLANG_ENABLE_OBJC_ARC = YES;
				CLANG_WARN_BLOCK_CAPTURE_AUTORELEASING = YES;
				CLANG_WARN_BOOL_CONVERSION = YES;
				CLANG_WARN_COMMA = YES;
				CLANG_WARN_CONSTANT_CONVERSION = YES;
				CLANG_WARN_DIRECT_OBJC_ISA_USAGE = YES_ERROR;
				CLANG_WARN_DOCUMENTATION_COMMENTS = YES;
				CLANG_WARN_EMPTY_BODY = YES;
				CLANG_WARN_ENUM_CONVERSION = YES;
				CLANG_WARN_INFINITE_RECURSION = YES;
				CLANG_WARN_INT_CONVERSION = YES;
				CLANG_WARN_NON_LITERAL_NULL_CONVERSION = YES;
				CLANG_WARN_OBJC_LITERAL_CONVERSION = YES;
				CLANG_WARN_OBJC_ROOT_CLASS = YES_ERROR;
				CLANG_WARN_RANGE_LOOP_ANALYSIS = YES;
				CLANG_WARN_STRICT_PROTOTYPES = YES;
				CLANG_WARN_SUSPICIOUS_MOVE = YES;
				CLANG_WARN_UNGUARDED_AVAILABILITY = YES_AGGRESSIVE;
				CLANG_WARN_UNREACHABLE_CODE = YES;
				CLANG_WARN__DUPLICATE_METHOD_MATCH = YES;
				CODE_SIGN_IDENTITY = "iPhone Developer";
				COPY_PHASE_STRIP = NO;
				DEBUG_INFORMATION_FORMAT = dwarf;
				ENABLE_STRICT_OBJC_MSGSEND = YES;
				ENABLE_TESTABILITY = YES;
				GCC_C_LANGUAGE_STANDARD = gnu11;
				GCC_DYNAMIC_NO_PIC = NO;
				GCC_NO_COMMON_BLOCKS = YES;
				GCC_OPTIMIZATION_LEVEL = 0;
				GCC_PREPROCESSOR_DEFINITIONS = (
					"DEBUG=1",
					"$(inherited)",
				);
				GCC_WARN_64_TO_32_BIT_CONVERSION = YES;
				GCC_WARN_ABOUT_RETURN_TYPE = YES_ERROR;
				GCC_WARN_UNDECLARED_SELECTOR = YES;
				GCC_WARN_UNINITIALIZED_AUTOS = YES_AGGRESSIVE;
				GCC_WARN_UNUSED_FUNCTION = YES;
				GCC_WARN_UNUSED_VARIABLE = YES;
				IPHONEOS_DEPLOYMENT_TARGET = 11.2;
				MTL_ENABLE_DEBUG_INFO = YES;
				ONLY_ACTIVE_ARCH = YES;
				SDKROOT = iphoneos;
				SWIFT_ACTIVE_COMPILATION_CONDITIONS = DEBUG;
				SWIFT_OPTIMIZATION_LEVEL = "-Onone";
			};
			name = Debug;
		};
		A45AB77E20388D9B00656993 /* Release */ = {
			isa = XCBuildConfiguration;
			buildSettings = {
				ALWAYS_SEARCH_USER_PATHS = NO;
				CLANG_ANALYZER_NONNULL = YES;
				CLANG_ANALYZER_NUMBER_OBJECT_CONVERSION = YES_AGGRESSIVE;
				CLANG_CXX_LANGUAGE_STANDARD = "gnu++14";
				CLANG_CXX_LIBRARY = "libc++";
				CLANG_ENABLE_MODULES = YES;
				CLANG_ENABLE_OBJC_ARC = YES;
				CLANG_WARN_BLOCK_CAPTURE_AUTORELEASING = YES;
				CLANG_WARN_BOOL_CONVERSION = YES;
				CLANG_WARN_COMMA = YES;
				CLANG_WARN_CONSTANT_CONVERSION = YES;
				CLANG_WARN_DIRECT_OBJC_ISA_USAGE = YES_ERROR;
				CLANG_WARN_DOCUMENTATION_COMMENTS = YES;
				CLANG_WARN_EMPTY_BODY = YES;
				CLANG_WARN_ENUM_CONVERSION = YES;
				CLANG_WARN_INFINITE_RECURSION = YES;
				CLANG_WARN_INT_CONVERSION = YES;
				CLANG_WARN_NON_LITERAL_NULL_CONVERSION = YES;
				CLANG_WARN_OBJC_LITERAL_CONVERSION = YES;
				CLANG_WARN_OBJC_ROOT_CLASS = YES_ERROR;
				CLANG_WARN_RANGE_LOOP_ANALYSIS = YES;
				CLANG_WARN_STRICT_PROTOTYPES = YES;
				CLANG_WARN_SUSPICIOUS_MOVE = YES;
				CLANG_WARN_UNGUARDED_AVAILABILITY = YES_AGGRESSIVE;
				CLANG_WARN_UNREACHABLE_CODE = YES;
				CLANG_WARN__DUPLICATE_METHOD_MATCH = YES;
				CODE_SIGN_IDENTITY = "iPhone Developer";
				COPY_PHASE_STRIP = NO;
				DEBUG_INFORMATION_FORMAT = "dwarf-with-dsym";
				ENABLE_NS_ASSERTIONS = NO;
				ENABLE_STRICT_OBJC_MSGSEND = YES;
				GCC_C_LANGUAGE_STANDARD = gnu11;
				GCC_NO_COMMON_BLOCKS = YES;
				GCC_WARN_64_TO_32_BIT_CONVERSION = YES;
				GCC_WARN_ABOUT_RETURN_TYPE = YES_ERROR;
				GCC_WARN_UNDECLARED_SELECTOR = YES;
				GCC_WARN_UNINITIALIZED_AUTOS = YES_AGGRESSIVE;
				GCC_WARN_UNUSED_FUNCTION = YES;
				GCC_WARN_UNUSED_VARIABLE = YES;
				IPHONEOS_DEPLOYMENT_TARGET = 11.2;
				MTL_ENABLE_DEBUG_INFO = NO;
				SDKROOT = iphoneos;
				SWIFT_OPTIMIZATION_LEVEL = "-Owholemodule";
				VALIDATE_PRODUCT = YES;
			};
			name = Release;
		};
		A45AB78020388D9B00656993 /* Debug */ = {
			isa = XCBuildConfiguration;
			buildSettings = {
				ASSETCATALOG_COMPILER_APPICON_NAME = AppIcon;
				CODE_SIGN_IDENTITY = "iPhone Developer";
				"CODE_SIGN_IDENTITY[sdk=iphoneos*]" = "iPhone Developer";
				CODE_SIGN_STYLE = Automatic;
				DEVELOPMENT_TEAM = 56485J6T76;
				INFOPLIST_FILE = "$(SRCROOT)/Scout2019/Info.plist";
				IPHONEOS_DEPLOYMENT_TARGET = 11.1;
				LD_RUNPATH_SEARCH_PATHS = "$(inherited) @executable_path/Frameworks";
				PRODUCT_BUNDLE_IDENTIFIER = "com.frc5090.scouting2019-test1";
				PRODUCT_NAME = "$(TARGET_NAME)";
				PROVISIONING_PROFILE_SPECIFIER = "";
				SWIFT_VERSION = 4.0;
				TARGETED_DEVICE_FAMILY = 2;
			};
			name = Debug;
		};
		A45AB78120388D9B00656993 /* Release */ = {
			isa = XCBuildConfiguration;
			buildSettings = {
				ASSETCATALOG_COMPILER_APPICON_NAME = AppIcon;
				CODE_SIGN_IDENTITY = "iPhone Developer";
				"CODE_SIGN_IDENTITY[sdk=iphoneos*]" = "iPhone Developer";
				CODE_SIGN_STYLE = Automatic;
				DEVELOPMENT_TEAM = 56485J6T76;
				INFOPLIST_FILE = "$(SRCROOT)/Scout2019/Info.plist";
				IPHONEOS_DEPLOYMENT_TARGET = 11.1;
				LD_RUNPATH_SEARCH_PATHS = "$(inherited) @executable_path/Frameworks";
				PRODUCT_BUNDLE_IDENTIFIER = "com.frc5090.scouting2019-test1";
				PRODUCT_NAME = "$(TARGET_NAME)";
				PROVISIONING_PROFILE_SPECIFIER = "";
				SWIFT_VERSION = 4.0;
				TARGETED_DEVICE_FAMILY = 2;
			};
			name = Release;
		};
		A45AB78320388D9B00656993 /* Debug */ = {
			isa = XCBuildConfiguration;
			buildSettings = {
				ALWAYS_EMBED_SWIFT_STANDARD_LIBRARIES = YES;
				BUNDLE_LOADER = "$(TEST_HOST)";
				CODE_SIGN_STYLE = Automatic;
				DEVELOPMENT_TEAM = 56485J6T76;
				INFOPLIST_FILE = Scout2018Tests/Info.plist;
				LD_RUNPATH_SEARCH_PATHS = "$(inherited) @executable_path/Frameworks @loader_path/Frameworks";
				PRODUCT_BUNDLE_IDENTIFIER = com.LucSmith.Scout2018Tests;
				PRODUCT_NAME = "$(TARGET_NAME)";
				SWIFT_VERSION = 4.0;
				TARGETED_DEVICE_FAMILY = "1,2";
				TEST_HOST = "$(BUILT_PRODUCTS_DIR)/Scout2019.app/Scout2019";
			};
			name = Debug;
		};
		A45AB78420388D9B00656993 /* Release */ = {
			isa = XCBuildConfiguration;
			buildSettings = {
				ALWAYS_EMBED_SWIFT_STANDARD_LIBRARIES = YES;
				BUNDLE_LOADER = "$(TEST_HOST)";
				CODE_SIGN_STYLE = Automatic;
				DEVELOPMENT_TEAM = 56485J6T76;
				INFOPLIST_FILE = Scout2018Tests/Info.plist;
				LD_RUNPATH_SEARCH_PATHS = "$(inherited) @executable_path/Frameworks @loader_path/Frameworks";
				PRODUCT_BUNDLE_IDENTIFIER = com.LucSmith.Scout2018Tests;
				PRODUCT_NAME = "$(TARGET_NAME)";
				SWIFT_VERSION = 4.0;
				TARGETED_DEVICE_FAMILY = "1,2";
				TEST_HOST = "$(BUILT_PRODUCTS_DIR)/Scout2019.app/Scout2019";
			};
			name = Release;
		};
		A45AB78620388D9B00656993 /* Debug */ = {
			isa = XCBuildConfiguration;
			buildSettings = {
				ALWAYS_EMBED_SWIFT_STANDARD_LIBRARIES = YES;
				CODE_SIGN_STYLE = Automatic;
				DEVELOPMENT_TEAM = 7Z3848PUNK;
				INFOPLIST_FILE = Scout2018UITests/Info.plist;
				LD_RUNPATH_SEARCH_PATHS = "$(inherited) @executable_path/Frameworks @loader_path/Frameworks";
				PRODUCT_BUNDLE_IDENTIFIER = com.LucSmith.Scout2018UITests;
				PRODUCT_NAME = "$(TARGET_NAME)";
				SWIFT_VERSION = 4.0;
				TARGETED_DEVICE_FAMILY = "1,2";
				TEST_TARGET_NAME = Scout2018;
			};
			name = Debug;
		};
		A45AB78720388D9B00656993 /* Release */ = {
			isa = XCBuildConfiguration;
			buildSettings = {
				ALWAYS_EMBED_SWIFT_STANDARD_LIBRARIES = YES;
				CODE_SIGN_STYLE = Automatic;
				DEVELOPMENT_TEAM = 7Z3848PUNK;
				INFOPLIST_FILE = Scout2018UITests/Info.plist;
				LD_RUNPATH_SEARCH_PATHS = "$(inherited) @executable_path/Frameworks @loader_path/Frameworks";
				PRODUCT_BUNDLE_IDENTIFIER = com.LucSmith.Scout2018UITests;
				PRODUCT_NAME = "$(TARGET_NAME)";
				SWIFT_VERSION = 4.0;
				TARGETED_DEVICE_FAMILY = "1,2";
				TEST_TARGET_NAME = Scout2018;
			};
			name = Release;
		};
/* End XCBuildConfiguration section */

/* Begin XCConfigurationList section */
		A45AB75220388D9B00656993 /* Build configuration list for PBXProject "Scout2019" */ = {
			isa = XCConfigurationList;
			buildConfigurations = (
				A45AB77D20388D9B00656993 /* Debug */,
				A45AB77E20388D9B00656993 /* Release */,
			);
			defaultConfigurationIsVisible = 0;
			defaultConfigurationName = Release;
		};
		A45AB77F20388D9B00656993 /* Build configuration list for PBXNativeTarget "Scout2019" */ = {
			isa = XCConfigurationList;
			buildConfigurations = (
				A45AB78020388D9B00656993 /* Debug */,
				A45AB78120388D9B00656993 /* Release */,
			);
			defaultConfigurationIsVisible = 0;
			defaultConfigurationName = Release;
		};
		A45AB78220388D9B00656993 /* Build configuration list for PBXNativeTarget "Scout2019Tests" */ = {
			isa = XCConfigurationList;
			buildConfigurations = (
				A45AB78320388D9B00656993 /* Debug */,
				A45AB78420388D9B00656993 /* Release */,
			);
			defaultConfigurationIsVisible = 0;
			defaultConfigurationName = Release;
		};
		A45AB78520388D9B00656993 /* Build configuration list for PBXNativeTarget "Scout2019UITests" */ = {
			isa = XCConfigurationList;
			buildConfigurations = (
				A45AB78620388D9B00656993 /* Debug */,
				A45AB78720388D9B00656993 /* Release */,
			);
			defaultConfigurationIsVisible = 0;
			defaultConfigurationName = Release;
		};
/* End XCConfigurationList section */
	};
	rootObject = A45AB74F20388D9B00656993 /* Project object */;
}
